
Microsoft Visual Studio Solution File, Format Version 12.00
# Visual Studio 15
VisualStudioVersion = 15.0.26730.16
MinimumVisualStudioVersion = 10.0.40219.1
Project("{FAE04EC0-301F-11D3-BF4B-00C04F79EFBC}") = "BerlinClock", "BerlinClock.csproj", "{0451204D-BF86-43E1-B560-FC9AC830B9A9}"
EndProject
Project("{FAE04EC0-301F-11D3-BF4B-00C04F79EFBC}") = "BerlinClockTests", "BerlinClockTests\BerlinClockTests.csproj", "{70E7A308-354D-4908-88D0-2CF99860D8F0}"
EndProject
Global
	GlobalSection(SolutionConfigurationPlatforms) = preSolution
		Debug|Any CPU = Debug|Any CPU
		Release|Any CPU = Release|Any CPU
	EndGlobalSection
	GlobalSection(ProjectConfigurationPlatforms) = postSolution
		{0451204D-BF86-43E1-B560-FC9AC830B9A9}.Debug|Any CPU.ActiveCfg = Debug|Any CPU
		{0451204D-BF86-43E1-B560-FC9AC830B9A9}.Debug|Any CPU.Build.0 = Debug|Any CPU
		{0451204D-BF86-43E1-B560-FC9AC830B9A9}.Release|Any CPU.ActiveCfg = Release|Any CPU
		{0451204D-BF86-43E1-B560-FC9AC830B9A9}.Release|Any CPU.Build.0 = Release|Any CPU
		{70E7A308-354D-4908-88D0-2CF99860D8F0}.Debug|Any CPU.ActiveCfg = Debug|Any CPU
		{70E7A308-354D-4908-88D0-2CF99860D8F0}.Debug|Any CPU.Build.0 = Debug|Any CPU
		{70E7A308-354D-4908-88D0-2CF99860D8F0}.Release|Any CPU.ActiveCfg = Release|Any CPU
		{70E7A308-354D-4908-88D0-2CF99860D8F0}.Release|Any CPU.Build.0 = Release|Any CPU
	EndGlobalSection
	GlobalSection(SolutionProperties) = preSolution
		HideSolutionNode = FALSE
	EndGlobalSection
	GlobalSection(ExtensibilityGlobals) = postSolution
		SolutionGuid = {7AA2F139-E811-4F04-8747-B7EFA0CCA228}
	EndGlobalSection
EndGlobal
